
Microsoft Visual Studio Solution File, Format Version 12.00
# Visual Studio Version 16
VisualStudioVersion = 16.0.30225.117
MinimumVisualStudioVersion = 10.0.40219.1
Project("{FAE04EC0-301F-11D3-BF4B-00C04F79EFBC}") = "UWP-Resources", "UWP-Resources\UWP-Resources.csproj", "{7BD9409E-3A19-4DB8-A176-90A49A6FA921}"
EndProject
Project("{FAE04EC0-301F-11D3-BF4B-00C04F79EFBC}") = "UWP-Resources-Lib", "UWP-Resources-Lib\UWP-Resources-Lib.csproj", "{9DCABBD4-E192-4FCA-9279-A2FECCF7F7B5}"
EndProject
Project("{FAE04EC0-301F-11D3-BF4B-00C04F79EFBC}") = "UWP-Tenant-Lib", "UWP-Tenant-Lib\UWP-Tenant-Lib.csproj", "{CFC8DAD4-1BFF-4670-88ED-766C5CDB069C}"
EndProject
Global
	GlobalSection(SolutionConfigurationPlatforms) = preSolution
		Debug|Any CPU = Debug|Any CPU
		Debug|ARM = Debug|ARM
		Debug|ARM64 = Debug|ARM64
		Debug|x64 = Debug|x64
		Debug|x86 = Debug|x86
		Release|Any CPU = Release|Any CPU
		Release|ARM = Release|ARM
		Release|ARM64 = Release|ARM64
		Release|x64 = Release|x64
		Release|x86 = Release|x86
	EndGlobalSection
	GlobalSection(ProjectConfigurationPlatforms) = postSolution
		{7BD9409E-3A19-4DB8-A176-90A49A6FA921}.Debug|Any CPU.ActiveCfg = Debug|x86
		{7BD9409E-3A19-4DB8-A176-90A49A6FA921}.Debug|ARM.ActiveCfg = Debug|ARM
		{7BD9409E-3A19-4DB8-A176-90A49A6FA921}.Debug|ARM.Build.0 = Debug|ARM
		{7BD9409E-3A19-4DB8-A176-90A49A6FA921}.Debug|ARM.Deploy.0 = Debug|ARM
		{7BD9409E-3A19-4DB8-A176-90A49A6FA921}.Debug|ARM64.ActiveCfg = Debug|ARM64
		{7BD9409E-3A19-4DB8-A176-90A49A6FA921}.Debug|ARM64.Build.0 = Debug|ARM64
		{7BD9409E-3A19-4DB8-A176-90A49A6FA921}.Debug|ARM64.Deploy.0 = Debug|ARM64
		{7BD9409E-3A19-4DB8-A176-90A49A6FA921}.Debug|x64.ActiveCfg = Debug|x64
		{7BD9409E-3A19-4DB8-A176-90A49A6FA921}.Debug|x64.Build.0 = Debug|x64
		{7BD9409E-3A19-4DB8-A176-90A49A6FA921}.Debug|x64.Deploy.0 = Debug|x64
		{7BD9409E-3A19-4DB8-A176-90A49A6FA921}.Debug|x86.ActiveCfg = Debug|x86
		{7BD9409E-3A19-4DB8-A176-90A49A6FA921}.Debug|x86.Build.0 = Debug|x86
		{7BD9409E-3A19-4DB8-A176-90A49A6FA921}.Debug|x86.Deploy.0 = Debug|x86
		{7BD9409E-3A19-4DB8-A176-90A49A6FA921}.Release|Any CPU.ActiveCfg = Release|x86
		{7BD9409E-3A19-4DB8-A176-90A49A6FA921}.Release|ARM.ActiveCfg = Release|ARM
		{7BD9409E-3A19-4DB8-A176-90A49A6FA921}.Release|ARM.Build.0 = Release|ARM
		{7BD9409E-3A19-4DB8-A176-90A49A6FA921}.Release|ARM.Deploy.0 = Release|ARM
		{7BD9409E-3A19-4DB8-A176-90A49A6FA921}.Release|ARM64.ActiveCfg = Release|ARM64
		{7BD9409E-3A19-4DB8-A176-90A49A6FA921}.Release|ARM64.Build.0 = Release|ARM64
		{7BD9409E-3A19-4DB8-A176-90A49A6FA921}.Release|ARM64.Deploy.0 = Release|ARM64
		{7BD9409E-3A19-4DB8-A176-90A49A6FA921}.Release|x64.ActiveCfg = Release|x64
		{7BD9409E-3A19-4DB8-A176-90A49A6FA921}.Release|x64.Build.0 = Release|x64
		{7BD9409E-3A19-4DB8-A176-90A49A6FA921}.Release|x64.Deploy.0 = Release|x64
		{7BD9409E-3A19-4DB8-A176-90A49A6FA921}.Release|x86.ActiveCfg = Release|x86
		{7BD9409E-3A19-4DB8-A176-90A49A6FA921}.Release|x86.Build.0 = Release|x86
		{7BD9409E-3A19-4DB8-A176-90A49A6FA921}.Release|x86.Deploy.0 = Release|x86
		{9DCABBD4-E192-4FCA-9279-A2FECCF7F7B5}.Debug|Any CPU.ActiveCfg = Debug|Any CPU
		{9DCABBD4-E192-4FCA-9279-A2FECCF7F7B5}.Debug|Any CPU.Build.0 = Debug|Any CPU
		{9DCABBD4-E192-4FCA-9279-A2FECCF7F7B5}.Debug|ARM.ActiveCfg = Debug|ARM
		{9DCABBD4-E192-4FCA-9279-A2FECCF7F7B5}.Debug|ARM.Build.0 = Debug|ARM
		{9DCABBD4-E192-4FCA-9279-A2FECCF7F7B5}.Debug|ARM64.ActiveCfg = Debug|ARM64
		{9DCABBD4-E192-4FCA-9279-A2FECCF7F7B5}.Debug|ARM64.Build.0 = Debug|ARM64
		{9DCABBD4-E192-4FCA-9279-A2FECCF7F7B5}.Debug|x64.ActiveCfg = Debug|x64
		{9DCABBD4-E192-4FCA-9279-A2FECCF7F7B5}.Debug|x64.Build.0 = Debug|x64
		{9DCABBD4-E192-4FCA-9279-A2FECCF7F7B5}.Debug|x86.ActiveCfg = Debug|x86
		{9DCABBD4-E192-4FCA-9279-A2FECCF7F7B5}.Debug|x86.Build.0 = Debug|x86
		{9DCABBD4-E192-4FCA-9279-A2FECCF7F7B5}.Release|Any CPU.ActiveCfg = Release|Any CPU
		{9DCABBD4-E192-4FCA-9279-A2FECCF7F7B5}.Release|Any CPU.Build.0 = Release|Any CPU
		{9DCABBD4-E192-4FCA-9279-A2FECCF7F7B5}.Release|ARM.ActiveCfg = Release|ARM
		{9DCABBD4-E192-4FCA-9279-A2FECCF7F7B5}.Release|ARM.Build.0 = Release|ARM
		{9DCABBD4-E192-4FCA-9279-A2FECCF7F7B5}.Release|ARM64.ActiveCfg = Release|ARM64
		{9DCABBD4-E192-4FCA-9279-A2FECCF7F7B5}.Release|ARM64.Build.0 = Release|ARM64
		{9DCABBD4-E192-4FCA-9279-A2FECCF7F7B5}.Release|x64.ActiveCfg = Release|x64
		{9DCABBD4-E192-4FCA-9279-A2FECCF7F7B5}.Release|x64.Build.0 = Release|x64
		{9DCABBD4-E192-4FCA-9279-A2FECCF7F7B5}.Release|x86.ActiveCfg = Release|x86
		{9DCABBD4-E192-4FCA-9279-A2FECCF7F7B5}.Release|x86.Build.0 = Release|x86
		{CFC8DAD4-1BFF-4670-88ED-766C5CDB069C}.Debug|Any CPU.ActiveCfg = Debug|Any CPU
		{CFC8DAD4-1BFF-4670-88ED-766C5CDB069C}.Debug|Any CPU.Build.0 = Debug|Any CPU
		{CFC8DAD4-1BFF-4670-88ED-766C5CDB069C}.Debug|ARM.ActiveCfg = Debug|ARM
		{CFC8DAD4-1BFF-4670-88ED-766C5CDB069C}.Debug|ARM.Build.0 = Debug|ARM
		{CFC8DAD4-1BFF-4670-88ED-766C5CDB069C}.Debug|ARM64.ActiveCfg = Debug|ARM64
		{CFC8DAD4-1BFF-4670-88ED-766C5CDB069C}.Debug|ARM64.Build.0 = Debug|ARM64
		{CFC8DAD4-1BFF-4670-88ED-766C5CDB069C}.Debug|x64.ActiveCfg = Debug|x64
		{CFC8DAD4-1BFF-4670-88ED-766C5CDB069C}.Debug|x64.Build.0 = Debug|x64
		{CFC8DAD4-1BFF-4670-88ED-766C5CDB069C}.Debug|x86.ActiveCfg = Debug|x86
		{CFC8DAD4-1BFF-4670-88ED-766C5CDB069C}.Debug|x86.Build.0 = Debug|x86
		{CFC8DAD4-1BFF-4670-88ED-766C5CDB069C}.Release|Any CPU.ActiveCfg = Release|Any CPU
		{CFC8DAD4-1BFF-4670-88ED-766C5CDB069C}.Release|Any CPU.Build.0 = Release|Any CPU
		{CFC8DAD4-1BFF-4670-88ED-766C5CDB069C}.Release|ARM.ActiveCfg = Release|ARM
		{CFC8DAD4-1BFF-4670-88ED-766C5CDB069C}.Release|ARM.Build.0 = Release|ARM
		{CFC8DAD4-1BFF-4670-88ED-766C5CDB069C}.Release|ARM64.ActiveCfg = Release|ARM64
		{CFC8DAD4-1BFF-4670-88ED-766C5CDB069C}.Release|ARM64.Build.0 = Release|ARM64
		{CFC8DAD4-1BFF-4670-88ED-766C5CDB069C}.Release|x64.ActiveCfg = Release|x64
		{CFC8DAD4-1BFF-4670-88ED-766C5CDB069C}.Release|x64.Build.0 = Release|x64
		{CFC8DAD4-1BFF-4670-88ED-766C5CDB069C}.Release|x86.ActiveCfg = Release|x86
		{CFC8DAD4-1BFF-4670-88ED-766C5CDB069C}.Release|x86.Build.0 = Release|x86
	EndGlobalSection
	GlobalSection(SolutionProperties) = preSolution
		HideSolutionNode = FALSE
	EndGlobalSection
	GlobalSection(ExtensibilityGlobals) = postSolution
		SolutionGuid = {D124999D-4979-481B-BCA9-46BD811E75FC}
	EndGlobalSection
EndGlobal
